// !$*UTF8*$!
{
	archiveVersion = 1;
	classes = {
	};
	objectVersion = 46;
	objects = {

/* Begin PBXBuildFile section */
		844835C91B17D54A004E7CFF /* main.m in Sources */ = {isa = PBXBuildFile; fileRef = 844835C81B17D54A004E7CFF /* main.m */; };
		844835CC1B17D54A004E7CFF /* AppDelegate.m in Sources */ = {isa = PBXBuildFile; fileRef = 844835CB1B17D54A004E7CFF /* AppDelegate.m */; };
		844835CF1B17D54A004E7CFF /* ViewController.m in Sources */ = {isa = PBXBuildFile; fileRef = 844835CE1B17D54A004E7CFF /* ViewController.m */; };
		844835D21B17D54A004E7CFF /* Main.storyboard in Resources */ = {isa = PBXBuildFile; fileRef = 844835D01B17D54A004E7CFF /* Main.storyboard */; };
		844835D41B17D54A004E7CFF /* Images.xcassets in Resources */ = {isa = PBXBuildFile; fileRef = 844835D31B17D54A004E7CFF /* Images.xcassets */; };
		844835D71B17D54A004E7CFF /* LaunchScreen.xib in Resources */ = {isa = PBXBuildFile; fileRef = 844835D51B17D54A004E7CFF /* LaunchScreen.xib */; };
		844835E31B17D54A004E7CFF /* exampleTests.m in Sources */ = {isa = PBXBuildFile; fileRef = 844835E21B17D54A004E7CFF /* exampleTests.m */; };
/* End PBXBuildFile section */

/* Begin PBXContainerItemProxy section */
		844835DD1B17D54A004E7CFF /* PBXContainerItemProxy */ = {
			isa = PBXContainerItemProxy;
			containerPortal = 844835BB1B17D54A004E7CFF /* Project object */;
			proxyType = 1;
			remoteGlobalIDString = 844835C21B17D54A004E7CFF;
			remoteInfo = example;
		};
/* End PBXContainerItemProxy section */

/* Begin PBXFileReference section */
		844835C31B17D54A004E7CFF /* example.app */ = {isa = PBXFileReference; explicitFileType = wrapper.application; includeInIndex = 0; path = example.app; sourceTree = BUILT_PRODUCTS_DIR; };
		844835C71B17D54A004E7CFF /* Info.plist */ = {isa = PBXFileReference; lastKnownFileType = text.plist.xml; path = Info.plist; sourceTree = "<group>"; };
		844835C81B17D54A004E7CFF /* main.m */ = {isa = PBXFileReference; lastKnownFileType = sourcecode.c.objc; path = main.m; sourceTree = "<group>"; };
		844835CA1B17D54A004E7CFF /* AppDelegate.h */ = {isa = PBXFileReference; lastKnownFileType = sourcecode.c.h; path = AppDelegate.h; sourceTree = "<group>"; };
		844835CB1B17D54A004E7CFF /* AppDelegate.m */ = {isa = PBXFileReference; lastKnownFileType = sourcecode.c.objc; path = AppDelegate.m; sourceTree = "<group>"; };
		844835CD1B17D54A004E7CFF /* ViewController.h */ = {isa = PBXFileReference; lastKnownFileType = sourcecode.c.h; path = ViewController.h; sourceTree = "<group>"; };
		844835CE1B17D54A004E7CFF /* ViewController.m */ = {isa = PBXFileReference; lastKnownFileType = sourcecode.c.objc; path = ViewController.m; sourceTree = "<group>"; };
		844835D11B17D54A004E7CFF /* Base */ = {isa = PBXFileReference; lastKnownFileType = file.storyboard; name = Base; path = Base.lproj/Main.storyboard; sourceTree = "<group>"; };
		844835D31B17D54A004E7CFF /* Images.xcassets */ = {isa = PBXFileReference; lastKnownFileType = folder.assetcatalog; path = Images.xcassets; sourceTree = "<group>"; };
		844835D61B17D54A004E7CFF /* Base */ = {isa = PBXFileReference; lastKnownFileType = file.xib; name = Base; path = Base.lproj/LaunchScreen.xib; sourceTree = "<group>"; };
		844835DC1B17D54A004E7CFF /* exampleTests.xctest */ = {isa = PBXFileReference; explicitFileType = wrapper.cfbundle; includeInIndex = 0; path = exampleTests.xctest; sourceTree = BUILT_PRODUCTS_DIR; };
		844835E11B17D54A004E7CFF /* Info.plist */ = {isa = PBXFileReference; lastKnownFileType = text.plist.xml; path = Info.plist; sourceTree = "<group>"; };
		844835E21B17D54A004E7CFF /* exampleTests.m */ = {isa = PBXFileReference; lastKnownFileType = sourcecode.c.objc; path = exampleTests.m; sourceTree = "<group>"; };
/* End PBXFileReference section */

/* Begin PBXFrameworksBuildPhase section */
		844835C01B17D54A004E7CFF /* Frameworks */ = {
			isa = PBXFrameworksBuildPhase;
			buildActionMask = 2147483647;
			files = (
			);
			runOnlyForDeploymentPostprocessing = 0;
		};
		844835D91B17D54A004E7CFF /* Frameworks */ = {
			isa = PBXFrameworksBuildPhase;
			buildActionMask = 2147483647;
			files = (
			);
			runOnlyForDeploymentPostprocessing = 0;
		};
/* End PBXFrameworksBuildPhase section */

/* Begin PBXGroup section */
		844835BA1B17D54A004E7CFF = {
			isa = PBXGroup;
			children = (
				844835C51B17D54A004E7CFF /* example */,
				844835DF1B17D54A004E7CFF /* exampleTests */,
				844835C41B17D54A004E7CFF /* Products */,
			);
			sourceTree = "<group>";
		};
		844835C41B17D54A004E7CFF /* Products */ = {
			isa = PBXGroup;
			children = (
				844835C31B17D54A004E7CFF /* example.app */,
				844835DC1B17D54A004E7CFF /* exampleTests.xctest */,
			);
			name = Products;
			sourceTree = "<group>";
		};
		844835C51B17D54A004E7CFF /* example */ = {
			isa = PBXGroup;
			children = (
				844835CA1B17D54A004E7CFF /* AppDelegate.h */,
				844835CB1B17D54A004E7CFF /* AppDelegate.m */,
				844835CD1B17D54A004E7CFF /* ViewController.h */,
				844835CE1B17D54A004E7CFF /* ViewController.m */,
				844835D01B17D54A004E7CFF /* Main.storyboard */,
				844835D31B17D54A004E7CFF /* Images.xcassets */,
				844835D51B17D54A004E7CFF /* LaunchScreen.xib */,
				844835C61B17D54A004E7CFF /* Supporting Files */,
			);
			path = example;
			sourceTree = "<group>";
		};
		844835C61B17D54A004E7CFF /* Supporting Files */ = {
			isa = PBXGroup;
			children = (
				844835C71B17D54A004E7CFF /* Info.plist */,
				844835C81B17D54A004E7CFF /* main.m */,
			);
			name = "Supporting Files";
			sourceTree = "<group>";
		};
		844835DF1B17D54A004E7CFF /* exampleTests */ = {
			isa = PBXGroup;
			children = (
				844835E21B17D54A004E7CFF /* exampleTests.m */,
				844835E01B17D54A004E7CFF /* Supporting Files */,
			);
			path = exampleTests;
			sourceTree = "<group>";
		};
		844835E01B17D54A004E7CFF /* Supporting Files */ = {
			isa = PBXGroup;
			children = (
				844835E11B17D54A004E7CFF /* Info.plist */,
			);
			name = "Supporting Files";
			sourceTree = "<group>";
		};
/* End PBXGroup section */

/* Begin PBXNativeTarget section */
		844835C21B17D54A004E7CFF /* example */ = {
			isa = PBXNativeTarget;
			buildConfigurationList = 844835E61B17D54A004E7CFF /* Build configuration list for PBXNativeTarget "example" */;
			buildPhases = (
				844835BF1B17D54A004E7CFF /* Sources */,
				844835C01B17D54A004E7CFF /* Frameworks */,
				844835C11B17D54A004E7CFF /* Resources */,
			);
			buildRules = (
			);
			dependencies = (
			);
			name = example;
			productName = example;
			productReference = 844835C31B17D54A004E7CFF /* example.app */;
			productType = "com.apple.product-type.application";
		};
		844835DB1B17D54A004E7CFF /* exampleTests */ = {
			isa = PBXNativeTarget;
			buildConfigurationList = 844835E91B17D54A004E7CFF /* Build configuration list for PBXNativeTarget "exampleTests" */;
			buildPhases = (
				844835D81B17D54A004E7CFF /* Sources */,
				844835D91B17D54A004E7CFF /* Frameworks */,
				844835DA1B17D54A004E7CFF /* Resources */,
			);
			buildRules = (
			);
			dependencies = (
				844835DE1B17D54A004E7CFF /* PBXTargetDependency */,
			);
			name = exampleTests;
			productName = exampleTests;
			productReference = 844835DC1B17D54A004E7CFF /* exampleTests.xctest */;
			productType = "com.apple.product-type.bundle.unit-test";
		};
/* End PBXNativeTarget section */

/* Begin PBXProject section */
		844835BB1B17D54A004E7CFF /* Project object */ = {
			isa = PBXProject;
			attributes = {
				LastUpgradeCheck = 0630;
				ORGANIZATIONNAME = Admin;
				TargetAttributes = {
					844835C21B17D54A004E7CFF = {
						CreatedOnToolsVersion = 6.3.1;
					};
					844835DB1B17D54A004E7CFF = {
						CreatedOnToolsVersion = 6.3.1;
						TestTargetID = 844835C21B17D54A004E7CFF;
					};
				};
			};
			buildConfigurationList = 844835BE1B17D54A004E7CFF /* Build configuration list for PBXProject "example" */;
			compatibilityVersion = "Xcode 3.2";
			developmentRegion = English;
			hasScannedForEncodings = 0;
			knownRegions = (
				en,
				Base,
			);
			mainGroup = 844835BA1B17D54A004E7CFF;
			productRefGroup = 844835C41B17D54A004E7CFF /* Products */;
			projectDirPath = "";
			projectRoot = "";
			targets = (
				844835C21B17D54A004E7CFF /* example */,
				844835DB1B17D54A004E7CFF /* exampleTests */,
			);
		};
/* End PBXProject section */

/* Begin PBXResourcesBuildPhase section */
		844835C11B17D54A004E7CFF /* Resources */ = {
			isa = PBXResourcesBuildPhase;
			buildActionMask = 2147483647;
			files = (
				844835D21B17D54A004E7CFF /* Main.storyboard in Resources */,
				844835D71B17D54A004E7CFF /* LaunchScreen.xib in Resources */,
				844835D41B17D54A004E7CFF /* Images.xcassets in Resources */,
			);
			runOnlyForDeploymentPostprocessing = 0;
		};
		844835DA1B17D54A004E7CFF /* Resources */ = {
			isa = PBXResourcesBuildPhase;
			buildActionMask = 2147483647;
			files = (
			);
			runOnlyForDeploymentPostprocessing = 0;
		};
/* End PBXResourcesBuildPhase section */

/* Begin PBXSourcesBuildPhase section */
		844835BF1B17D54A004E7CFF /* Sources */ = {
			isa = PBXSourcesBuildPhase;
			buildActionMask = 2147483647;
			files = (
				844835CF1B17D54A004E7CFF /* ViewController.m in Sources */,
				844835CC1B17D54A004E7CFF /* AppDelegate.m in Sources */,
				844835C91B17D54A004E7CFF /* main.m in Sources */,
			);
			runOnlyForDeploymentPostprocessing = 0;
		};
		844835D81B17D54A004E7CFF /* Sources */ = {
			isa = PBXSourcesBuildPhase;
			buildActionMask = 2147483647;
			files = (
				844835E31B17D54A004E7CFF /* exampleTests.m in Sources */,
			);
			runOnlyForDeploymentPostprocessing = 0;
		};
/* End PBXSourcesBuildPhase section */

/* Begin PBXTargetDependency section */
		844835DE1B17D54A004E7CFF /* PBXTargetDependency */ = {
			isa = PBXTargetDependency;
			target = 844835C21B17D54A004E7CFF /* example */;
			targetProxy = 844835DD1B17D54A004E7CFF /* PBXContainerItemProxy */;
		};
/* End PBXTargetDependency section */

/* Begin PBXVariantGroup section */
		844835D01B17D54A004E7CFF /* Main.storyboard */ = {
			isa = PBXVariantGroup;
			children = (
				844835D11B17D54A004E7CFF /* Base */,
			);
			name = Main.storyboard;
			sourceTree = "<group>";
		};
		844835D51B17D54A004E7CFF /* LaunchScreen.xib */ = {
			isa = PBXVariantGroup;
			children = (
				844835D61B17D54A004E7CFF /* Base */,
			);
			name = LaunchScreen.xib;
			sourceTree = "<group>";
		};
/* End PBXVariantGroup section */

/* Begin XCBuildConfiguration section */
		844835E41B17D54A004E7CFF /* Debug */ = {
			isa = XCBuildConfiguration;
			buildSettings = {
				ALWAYS_SEARCH_USER_PATHS = NO;
				CLANG_CXX_LANGUAGE_STANDARD = "gnu++0x";
				CLANG_CXX_LIBRARY = "libc++";
				CLANG_ENABLE_MODULES = YES;
				CLANG_ENABLE_OBJC_ARC = YES;
				CLANG_WARN_BOOL_CONVERSION = YES;
				CLANG_WARN_CONSTANT_CONVERSION = YES;
				CLANG_WARN_DIRECT_OBJC_ISA_USAGE = YES_ERROR;
				CLANG_WARN_EMPTY_BODY = YES;
				CLANG_WARN_ENUM_CONVERSION = YES;
				CLANG_WARN_INT_CONVERSION = YES;
				CLANG_WARN_OBJC_ROOT_CLASS = YES_ERROR;
				CLANG_WARN_UNREACHABLE_CODE = YES;
				CLANG_WARN__DUPLICATE_METHOD_MATCH = YES;
				"CODE_SIGN_IDENTITY[sdk=iphoneos*]" = "iPhone Developer";
				COPY_PHASE_STRIP = NO;
				DEBUG_INFORMATION_FORMAT = "dwarf-with-dsym";
				ENABLE_STRICT_OBJC_MSGSEND = YES;
				GCC_C_LANGUAGE_STANDARD = gnu99;
				GCC_DYNAMIC_NO_PIC = NO;
				GCC_NO_COMMON_BLOCKS = YES;
				GCC_OPTIMIZATION_LEVEL = 0;
				GCC_PREPROCESSOR_DEFINITIONS = (
					"DEBUG=1",
					"$(inherited)",
				);
				GCC_SYMBOLS_PRIVATE_EXTERN = NO;
				GCC_WARN_64_TO_32_BIT_CONVERSION = YES;
				GCC_WARN_ABOUT_RETURN_TYPE = YES_ERROR;
				GCC_WARN_UNDECLARED_SELECTOR = YES;
				GCC_WARN_UNINITIALIZED_AUTOS = YES_AGGRESSIVE;
				GCC_WARN_UNUSED_FUNCTION = YES;
				GCC_WARN_UNUSED_VARIABLE = YES;
				IPHONEOS_DEPLOYMENT_TARGET = 8.3;
				MTL_ENABLE_DEBUG_INFO = YES;
				ONLY_ACTIVE_ARCH = YES;
				SDKROOT = iphoneos;
			};
			name = Debug;
		};
		844835E51B17D54A004E7CFF /* Release */ = {
			isa = XCBuildConfiguration;
			buildSettings = {
				ALWAYS_SEARCH_USER_PATHS = NO;
				CLANG_CXX_LANGUAGE_STANDARD = "gnu++0x";
				CLANG_CXX_LIBRARY = "libc++";
				CLANG_ENABLE_MODULES = YES;
				CLANG_ENABLE_OBJC_ARC = YES;
				CLANG_WARN_BOOL_CONVERSION = YES;
				CLANG_WARN_CONSTANT_CONVERSION = YES;
				CLANG_WARN_DIRECT_OBJC_ISA_USAGE = YES_ERROR;
				CLANG_WARN_EMPTY_BODY = YES;
				CLANG_WARN_ENUM_CONVERSION = YES;
				CLANG_WARN_INT_CONVERSION = YES;
				CLANG_WARN_OBJC_ROOT_CLASS = YES_ERROR;
				CLANG_WARN_UNREACHABLE_CODE = YES;
				CLANG_WARN__DUPLICATE_METHOD_MATCH = YES;
				"CODE_SIGN_IDENTITY[sdk=iphoneos*]" = "iPhone Developer";
				COPY_PHASE_STRIP = NO;
				DEBUG_INFORMATION_FORMAT = "dwarf-with-dsym";
				ENABLE_NS_ASSERTIONS = NO;
				ENABLE_STRICT_OBJC_MSGSEND = YES;
				GCC_C_LANGUAGE_STANDARD = gnu99;
				GCC_NO_COMMON_BLOCKS = YES;
				GCC_WARN_64_TO_32_BIT_CONVERSION = YES;
				GCC_WARN_ABOUT_RETURN_TYPE = YES_ERROR;
				GCC_WARN_UNDECLARED_SELECTOR = YES;
				GCC_WARN_UNINITIALIZED_AUTOS = YES_AGGRESSIVE;
				GCC_WARN_UNUSED_FUNCTION = YES;
				GCC_WARN_UNUSED_VARIABLE = YES;
				IPHONEOS_DEPLOYMENT_TARGET = 8.3;
				MTL_ENABLE_DEBUG_INFO = NO;
				SDKROOT = iphoneos;
				VALIDATE_PRODUCT = YES;
			};
			name = Release;
		};
		844835E71B17D54A004E7CFF /* Debug */ = {
			isa = XCBuildConfiguration;
			buildSettings = {
				ASSETCATALOG_COMPILER_APPICON_NAME = AppIcon;
				INFOPLIST_FILE = example/Info.plist;
				LD_RUNPATH_SEARCH_PATHS = "$(inherited) @executable_path/Frameworks";
				PRODUCT_NAME = "$(TARGET_NAME)";
			};
			name = Debug;
		};
		844835E81B17D54A004E7CFF /* Release */ = {
			isa = XCBuildConfiguration;
			buildSettings = {
				ASSETCATALOG_COMPILER_APPICON_NAME = AppIcon;
				INFOPLIST_FILE = example/Info.plist;
				LD_RUNPATH_SEARCH_PATHS = "$(inherited) @executable_path/Frameworks";
				PRODUCT_NAME = "$(TARGET_NAME)";
			};
			name = Release;
		};
		844835EA1B17D54A004E7CFF /* Debug */ = {
			isa = XCBuildConfiguration;
			buildSettings = {
				BUNDLE_LOADER = "$(TEST_HOST)";
				FRAMEWORK_SEARCH_PATHS = (
					"$(SDKROOT)/Developer/Library/Frameworks",
					"$(inherited)",
				);
				GCC_PREPROCESSOR_DEFINITIONS = (
					"DEBUG=1",
					"$(inherited)",
				);
				INFOPLIST_FILE = exampleTests/Info.plist;
				LD_RUNPATH_SEARCH_PATHS = "$(inherited) @executable_path/Frameworks @loader_path/Frameworks";
				PRODUCT_NAME = "$(TARGET_NAME)";
				TEST_HOST = "$(BUILT_PRODUCTS_DIR)/example.app/example";
			};
			name = Debug;
		};
		844835EB1B17D54A004E7CFF /* Release */ = {
			isa = XCBuildConfiguration;
			buildSettings = {
				BUNDLE_LOADER = "$(TEST_HOST)";
				FRAMEWORK_SEARCH_PATHS = (
					"$(SDKROOT)/Developer/Library/Frameworks",
					"$(inherited)",
				);
				INFOPLIST_FILE = exampleTests/Info.plist;
				LD_RUNPATH_SEARCH_PATHS = "$(inherited) @executable_path/Frameworks @loader_path/Frameworks";
				PRODUCT_NAME = "$(TARGET_NAME)";
				TEST_HOST = "$(BUILT_PRODUCTS_DIR)/example.app/example";
			};
			name = Release;
		};
/* End XCBuildConfiguration section */

/* Begin XCConfigurationList section */
		844835BE1B17D54A004E7CFF /* Build configuration list for PBXProject "example" */ = {
			isa = XCConfigurationList;
			buildConfigurations = (
				844835E41B17D54A004E7CFF /* Debug */,
				844835E51B17D54A004E7CFF /* Release */,
			);
			defaultConfigurationIsVisible = 0;
			defaultConfigurationName = Release;
		};
		844835E61B17D54A004E7CFF /* Build configuration list for PBXNativeTarget "example" */ = {
			isa = XCConfigurationList;
			buildConfigurations = (
				844835E71B17D54A004E7CFF /* Debug */,
				844835E81B17D54A004E7CFF /* Release */,
			);
			defaultConfigurationIsVisible = 0;
		};
		844835E91B17D54A004E7CFF /* Build configuration list for PBXNativeTarget "exampleTests" */ = {
			isa = XCConfigurationList;
			buildConfigurations = (
				844835EA1B17D54A004E7CFF /* Debug */,
				844835EB1B17D54A004E7CFF /* Release */,
			);
			defaultConfigurationIsVisible = 0;
		};
/* End XCConfigurationList section */
	};
	rootObject = 844835BB1B17D54A004E7CFF /* Project object */;
}
